
Microsoft Visual Studio Solution File, Format Version 12.00
# Visual Studio 15
VisualStudioVersion = 15.0.27004.2008
MinimumVisualStudioVersion = 10.0.40219.1
Project("{9A19103F-16F7-4668-BE54-9A1E7A4F7556}") = "poc1", "poc1.csproj", "{37AEB75A-8810-4715-868E-58D9F1B0DC68}"
EndProject
Project("{FAE04EC0-301F-11D3-BF4B-00C04F79EFBC}") = "UnitTestProject1", "..\UnitTestProject1\UnitTestProject1.csproj", "{4F5767C1-1112-49C0-A55C-67A1280594F3}"
EndProject
Global
	GlobalSection(SolutionConfigurationPlatforms) = preSolution
		Debug|Any CPU = Debug|Any CPU
		Release|Any CPU = Release|Any CPU
	EndGlobalSection
	GlobalSection(ProjectConfigurationPlatforms) = postSolution
		{37AEB75A-8810-4715-868E-58D9F1B0DC68}.Debug|Any CPU.ActiveCfg = Debug|Any CPU
		{37AEB75A-8810-4715-868E-58D9F1B0DC68}.Debug|Any CPU.Build.0 = Debug|Any CPU
		{37AEB75A-8810-4715-868E-58D9F1B0DC68}.Release|Any CPU.ActiveCfg = Release|Any CPU
		{37AEB75A-8810-4715-868E-58D9F1B0DC68}.Release|Any CPU.Build.0 = Release|Any CPU
		{4F5767C1-1112-49C0-A55C-67A1280594F3}.Debug|Any CPU.ActiveCfg = Debug|Any CPU
		{4F5767C1-1112-49C0-A55C-67A1280594F3}.Debug|Any CPU.Build.0 = Debug|Any CPU
		{4F5767C1-1112-49C0-A55C-67A1280594F3}.Release|Any CPU.ActiveCfg = Release|Any CPU
		{4F5767C1-1112-49C0-A55C-67A1280594F3}.Release|Any CPU.Build.0 = Release|Any CPU
	EndGlobalSection
	GlobalSection(SolutionProperties) = preSolution
		HideSolutionNode = FALSE
	EndGlobalSection
	GlobalSection(ExtensibilityGlobals) = postSolution
		SolutionGuid = {A388F686-E8EB-4614-A6BE-FD27F4BCC5C6}
	EndGlobalSection
EndGlobal
